
Microsoft Visual Studio Solution File, Format Version 12.00
# Visual Studio Version 17
VisualStudioVersion = 17.11.35222.181
MinimumVisualStudioVersion = 10.0.40219.1
Project("{FAE04EC0-301F-11D3-BF4B-00C04F79EFBC}") = "InventarioProductos", "InventarioProductos\InventarioProductos.csproj", "{6B072A98-98C7-46C2-8068-284912122814}"
EndProject
Global
	GlobalSection(SolutionConfigurationPlatforms) = preSolution
		Debug|Any CPU = Debug|Any CPU
		Release|Any CPU = Release|Any CPU
	EndGlobalSection
	GlobalSection(ProjectConfigurationPlatforms) = postSolution
		{6B072A98-98C7-46C2-8068-284912122814}.Debug|Any CPU.ActiveCfg = Debug|Any CPU
		{6B072A98-98C7-46C2-8068-284912122814}.Debug|Any CPU.Build.0 = Debug|Any CPU
		{6B072A98-98C7-46C2-8068-284912122814}.Release|Any CPU.ActiveCfg = Release|Any CPU
		{6B072A98-98C7-46C2-8068-284912122814}.Release|Any CPU.Build.0 = Release|Any CPU
	EndGlobalSection
	GlobalSection(SolutionProperties) = preSolution
		HideSolutionNode = FALSE
	EndGlobalSection
	GlobalSection(ExtensibilityGlobals) = postSolution
		SolutionGuid = {1E7B9965-AE03-43E0-B1FF-E2585A35659B}
	EndGlobalSection
EndGlobal
